
Microsoft Visual Studio Solution File, Format Version 12.00
# Visual Studio Version 17
VisualStudioVersion = 17.9.34310.174
MinimumVisualStudioVersion = 10.0.40219.1
Project("{FAE04EC0-301F-11D3-BF4B-00C04F79EFBC}") = "Client", "Client\Client.csproj", "{74EFA9EA-8D12-4518-BFE6-B5D4CF9D38B0}"
EndProject
Project("{FAE04EC0-301F-11D3-BF4B-00C04F79EFBC}") = "Api", "Api\Api.csproj", "{3070B8D7-877B-44B3-8742-14CEC7DF9864}"
EndProject
Global
	GlobalSection(SolutionConfigurationPlatforms) = preSolution
		Debug|Any CPU = Debug|Any CPU
		Release|Any CPU = Release|Any CPU
	EndGlobalSection
	GlobalSection(ProjectConfigurationPlatforms) = postSolution
		{74EFA9EA-8D12-4518-BFE6-B5D4CF9D38B0}.Debug|Any CPU.ActiveCfg = Debug|Any CPU
		{74EFA9EA-8D12-4518-BFE6-B5D4CF9D38B0}.Debug|Any CPU.Build.0 = Debug|Any CPU
		{74EFA9EA-8D12-4518-BFE6-B5D4CF9D38B0}.Release|Any CPU.ActiveCfg = Release|Any CPU
		{74EFA9EA-8D12-4518-BFE6-B5D4CF9D38B0}.Release|Any CPU.Build.0 = Release|Any CPU
		{3070B8D7-877B-44B3-8742-14CEC7DF9864}.Debug|Any CPU.ActiveCfg = Debug|Any CPU
		{3070B8D7-877B-44B3-8742-14CEC7DF9864}.Debug|Any CPU.Build.0 = Debug|Any CPU
		{3070B8D7-877B-44B3-8742-14CEC7DF9864}.Release|Any CPU.ActiveCfg = Release|Any CPU
		{3070B8D7-877B-44B3-8742-14CEC7DF9864}.Release|Any CPU.Build.0 = Release|Any CPU
	EndGlobalSection
	GlobalSection(SolutionProperties) = preSolution
		HideSolutionNode = FALSE
	EndGlobalSection
	GlobalSection(ExtensibilityGlobals) = postSolution
		SolutionGuid = {B0455677-6CDE-4A99-80BE-01C5B1596A6C}
	EndGlobalSection
EndGlobal
